
Microsoft Visual Studio Solution File, Format Version 12.00
# Visual Studio Version 17
VisualStudioVersion = 17.3.32929.385
MinimumVisualStudioVersion = 10.0.40219.1
Project("{FAE04EC0-301F-11D3-BF4B-00C04F79EFBC}") = "Catla-Autopilot", "Catla-Autopilot\Catla-Autopilot.csproj", "{0A9312EC-87DF-4EC4-9F57-EC79F401B944}"
EndProject
Global
	GlobalSection(SolutionConfigurationPlatforms) = preSolution
		Debug|Any CPU = Debug|Any CPU
		Release|Any CPU = Release|Any CPU
	EndGlobalSection
	GlobalSection(ProjectConfigurationPlatforms) = postSolution
		{0A9312EC-87DF-4EC4-9F57-EC79F401B944}.Debug|Any CPU.ActiveCfg = Debug|Any CPU
		{0A9312EC-87DF-4EC4-9F57-EC79F401B944}.Debug|Any CPU.Build.0 = Debug|Any CPU
		{0A9312EC-87DF-4EC4-9F57-EC79F401B944}.Release|Any CPU.ActiveCfg = Release|Any CPU
		{0A9312EC-87DF-4EC4-9F57-EC79F401B944}.Release|Any CPU.Build.0 = Release|Any CPU
	EndGlobalSection
	GlobalSection(SolutionProperties) = preSolution
		HideSolutionNode = FALSE
	EndGlobalSection
	GlobalSection(ExtensibilityGlobals) = postSolution
		SolutionGuid = {7B7F727A-E985-4241-B02C-ED640811A061}
	EndGlobalSection
EndGlobal
